
Microsoft Visual Studio Solution File, Format Version 12.00
# Visual Studio Version 16
VisualStudioVersion = 16.0.30204.135
MinimumVisualStudioVersion = 10.0.40219.1
Project("{9A19103F-16F7-4668-BE54-9A1E7A4F7556}") = "BlazorBmi", "BlazorBmi\BlazorBmi.csproj", "{A428328C-478C-413A-9D86-E7302A0919FF}"
EndProject
Global
	GlobalSection(SolutionConfigurationPlatforms) = preSolution
		Debug|Any CPU = Debug|Any CPU
		Release|Any CPU = Release|Any CPU
	EndGlobalSection
	GlobalSection(ProjectConfigurationPlatforms) = postSolution
		{A428328C-478C-413A-9D86-E7302A0919FF}.Debug|Any CPU.ActiveCfg = Debug|Any CPU
		{A428328C-478C-413A-9D86-E7302A0919FF}.Debug|Any CPU.Build.0 = Debug|Any CPU
		{A428328C-478C-413A-9D86-E7302A0919FF}.Release|Any CPU.ActiveCfg = Release|Any CPU
		{A428328C-478C-413A-9D86-E7302A0919FF}.Release|Any CPU.Build.0 = Release|Any CPU
	EndGlobalSection
	GlobalSection(SolutionProperties) = preSolution
		HideSolutionNode = FALSE
	EndGlobalSection
	GlobalSection(ExtensibilityGlobals) = postSolution
		SolutionGuid = {556D5DCD-DB54-4827-BB13-0BF12836AFD3}
	EndGlobalSection
EndGlobal
