
Microsoft Visual Studio Solution File, Format Version 12.00
# Visual Studio Version 16
VisualStudioVersion = 16.0.30002.166
MinimumVisualStudioVersion = 10.0.40219.1
Project("{FAE04EC0-301F-11D3-BF4B-00C04F79EFBC}") = "Hello", "Hello\Hello.csproj", "{C7763D3C-3D34-49E2-8FA5-AD53B220DED7}"
EndProject
Global
	GlobalSection(SolutionConfigurationPlatforms) = preSolution
		Debug|Any CPU = Debug|Any CPU
		Release|Any CPU = Release|Any CPU
	EndGlobalSection
	GlobalSection(ProjectConfigurationPlatforms) = postSolution
		{C7763D3C-3D34-49E2-8FA5-AD53B220DED7}.Debug|Any CPU.ActiveCfg = Debug|Any CPU
		{C7763D3C-3D34-49E2-8FA5-AD53B220DED7}.Debug|Any CPU.Build.0 = Debug|Any CPU
		{C7763D3C-3D34-49E2-8FA5-AD53B220DED7}.Release|Any CPU.ActiveCfg = Release|Any CPU
		{C7763D3C-3D34-49E2-8FA5-AD53B220DED7}.Release|Any CPU.Build.0 = Release|Any CPU
	EndGlobalSection
	GlobalSection(SolutionProperties) = preSolution
		HideSolutionNode = FALSE
	EndGlobalSection
	GlobalSection(ExtensibilityGlobals) = postSolution
		SolutionGuid = {061BA53F-2738-4F82-8D85-A53BAA809F49}
	EndGlobalSection
EndGlobal
