
Microsoft Visual Studio Solution File, Format Version 12.00
# Visual Studio Version 16
VisualStudioVersion = 16.0.30204.135
MinimumVisualStudioVersion = 10.0.40219.1
Project("{9A19103F-16F7-4668-BE54-9A1E7A4F7556}") = "BlazorWebAPI", "BlazorWebAPI\BlazorWebAPI.csproj", "{FA64AA97-DE77-4479-8D59-88C5DCA08850}"
EndProject
Project("{9A19103F-16F7-4668-BE54-9A1E7A4F7556}") = "BookWeb", "BookWeb\BookWeb.csproj", "{DBF57EAD-C5F0-4D95-963C-B24432BAC338}"
EndProject
Project("{FAE04EC0-301F-11D3-BF4B-00C04F79EFBC}") = "WebApplication2", "WebApplication2\WebApplication2.csproj", "{9632582C-2BD9-4674-8AB0-0C833B4E7F10}"
EndProject
Global
	GlobalSection(SolutionConfigurationPlatforms) = preSolution
		Debug|Any CPU = Debug|Any CPU
		Release|Any CPU = Release|Any CPU
	EndGlobalSection
	GlobalSection(ProjectConfigurationPlatforms) = postSolution
		{FA64AA97-DE77-4479-8D59-88C5DCA08850}.Debug|Any CPU.ActiveCfg = Debug|Any CPU
		{FA64AA97-DE77-4479-8D59-88C5DCA08850}.Debug|Any CPU.Build.0 = Debug|Any CPU
		{FA64AA97-DE77-4479-8D59-88C5DCA08850}.Release|Any CPU.ActiveCfg = Release|Any CPU
		{FA64AA97-DE77-4479-8D59-88C5DCA08850}.Release|Any CPU.Build.0 = Release|Any CPU
		{DBF57EAD-C5F0-4D95-963C-B24432BAC338}.Debug|Any CPU.ActiveCfg = Debug|Any CPU
		{DBF57EAD-C5F0-4D95-963C-B24432BAC338}.Debug|Any CPU.Build.0 = Debug|Any CPU
		{DBF57EAD-C5F0-4D95-963C-B24432BAC338}.Release|Any CPU.ActiveCfg = Release|Any CPU
		{DBF57EAD-C5F0-4D95-963C-B24432BAC338}.Release|Any CPU.Build.0 = Release|Any CPU
		{9632582C-2BD9-4674-8AB0-0C833B4E7F10}.Debug|Any CPU.ActiveCfg = Debug|Any CPU
		{9632582C-2BD9-4674-8AB0-0C833B4E7F10}.Debug|Any CPU.Build.0 = Debug|Any CPU
		{9632582C-2BD9-4674-8AB0-0C833B4E7F10}.Release|Any CPU.ActiveCfg = Release|Any CPU
		{9632582C-2BD9-4674-8AB0-0C833B4E7F10}.Release|Any CPU.Build.0 = Release|Any CPU
	EndGlobalSection
	GlobalSection(SolutionProperties) = preSolution
		HideSolutionNode = FALSE
	EndGlobalSection
	GlobalSection(ExtensibilityGlobals) = postSolution
		SolutionGuid = {858CAFE3-441D-4F54-8B70-1C078CD35094}
	EndGlobalSection
EndGlobal
