
Microsoft Visual Studio Solution File, Format Version 12.00
# Visual Studio Version 16
VisualStudioVersion = 16.0.30204.135
MinimumVisualStudioVersion = 10.0.40219.1
Project("{9A19103F-16F7-4668-BE54-9A1E7A4F7556}") = "BlazorForm", "BlazorForm\BlazorForm.csproj", "{6778A8E7-F742-466F-9244-074744FDEB40}"
EndProject
Global
	GlobalSection(SolutionConfigurationPlatforms) = preSolution
		Debug|Any CPU = Debug|Any CPU
		Release|Any CPU = Release|Any CPU
	EndGlobalSection
	GlobalSection(ProjectConfigurationPlatforms) = postSolution
		{6778A8E7-F742-466F-9244-074744FDEB40}.Debug|Any CPU.ActiveCfg = Debug|Any CPU
		{6778A8E7-F742-466F-9244-074744FDEB40}.Debug|Any CPU.Build.0 = Debug|Any CPU
		{6778A8E7-F742-466F-9244-074744FDEB40}.Release|Any CPU.ActiveCfg = Release|Any CPU
		{6778A8E7-F742-466F-9244-074744FDEB40}.Release|Any CPU.Build.0 = Release|Any CPU
	EndGlobalSection
	GlobalSection(SolutionProperties) = preSolution
		HideSolutionNode = FALSE
	EndGlobalSection
	GlobalSection(ExtensibilityGlobals) = postSolution
		SolutionGuid = {B08930F2-36A0-4829-85CE-8D4A640EAA4A}
	EndGlobalSection
EndGlobal
