
Microsoft Visual Studio Solution File, Format Version 12.00
# Visual Studio Version 16
VisualStudioVersion = 16.0.30204.135
MinimumVisualStudioVersion = 10.0.40219.1
Project("{9A19103F-16F7-4668-BE54-9A1E7A4F7556}") = "BlazorSv", "BlazorSv\BlazorSv.csproj", "{C68A3CA7-02F5-497C-BFB9-E69BC4AB6CEF}"
EndProject
Project("{9A19103F-16F7-4668-BE54-9A1E7A4F7556}") = "BlazorSvMySql", "BlazorSvMySql\BlazorSvMySql.csproj", "{DFE7C43F-BD85-432C-B287-A33E9AC3A7F7}"
EndProject
Global
	GlobalSection(SolutionConfigurationPlatforms) = preSolution
		Debug|Any CPU = Debug|Any CPU
		Release|Any CPU = Release|Any CPU
	EndGlobalSection
	GlobalSection(ProjectConfigurationPlatforms) = postSolution
		{C68A3CA7-02F5-497C-BFB9-E69BC4AB6CEF}.Debug|Any CPU.ActiveCfg = Debug|Any CPU
		{C68A3CA7-02F5-497C-BFB9-E69BC4AB6CEF}.Debug|Any CPU.Build.0 = Debug|Any CPU
		{C68A3CA7-02F5-497C-BFB9-E69BC4AB6CEF}.Release|Any CPU.ActiveCfg = Release|Any CPU
		{C68A3CA7-02F5-497C-BFB9-E69BC4AB6CEF}.Release|Any CPU.Build.0 = Release|Any CPU
		{DFE7C43F-BD85-432C-B287-A33E9AC3A7F7}.Debug|Any CPU.ActiveCfg = Debug|Any CPU
		{DFE7C43F-BD85-432C-B287-A33E9AC3A7F7}.Debug|Any CPU.Build.0 = Debug|Any CPU
		{DFE7C43F-BD85-432C-B287-A33E9AC3A7F7}.Release|Any CPU.ActiveCfg = Release|Any CPU
		{DFE7C43F-BD85-432C-B287-A33E9AC3A7F7}.Release|Any CPU.Build.0 = Release|Any CPU
	EndGlobalSection
	GlobalSection(SolutionProperties) = preSolution
		HideSolutionNode = FALSE
	EndGlobalSection
	GlobalSection(ExtensibilityGlobals) = postSolution
		SolutionGuid = {D7E96DD0-E372-4933-B6AB-5178E3AEF92E}
	EndGlobalSection
EndGlobal
